
Microsoft Visual Studio Solution File, Format Version 12.00
# Visual Studio Version 17
VisualStudioVersion = 17.5.33424.131
MinimumVisualStudioVersion = 10.0.40219.1
Project("{FAE04EC0-301F-11D3-BF4B-00C04F79EFBC}") = "Example.Identity", "Example.Identity\Example.Identity.csproj", "{C0557BA8-CCB5-4AFA-865B-FAD828FF47BC}"
EndProject
Project("{2150E333-8FDC-42A3-9474-1A3956D46DE8}") = "Note", "Note", "{72B4180E-6CE6-468A-AAAF-934D975520E7}"
	ProjectSection(SolutionItems) = preProject
		NotPad.txt = NotPad.txt
	EndProjectSection
EndProject
Global
	GlobalSection(SolutionConfigurationPlatforms) = preSolution
		Debug|Any CPU = Debug|Any CPU
		Release|Any CPU = Release|Any CPU
	EndGlobalSection
	GlobalSection(ProjectConfigurationPlatforms) = postSolution
		{C0557BA8-CCB5-4AFA-865B-FAD828FF47BC}.Debug|Any CPU.ActiveCfg = Debug|Any CPU
		{C0557BA8-CCB5-4AFA-865B-FAD828FF47BC}.Debug|Any CPU.Build.0 = Debug|Any CPU
		{C0557BA8-CCB5-4AFA-865B-FAD828FF47BC}.Release|Any CPU.ActiveCfg = Release|Any CPU
		{C0557BA8-CCB5-4AFA-865B-FAD828FF47BC}.Release|Any CPU.Build.0 = Release|Any CPU
	EndGlobalSection
	GlobalSection(SolutionProperties) = preSolution
		HideSolutionNode = FALSE
	EndGlobalSection
	GlobalSection(ExtensibilityGlobals) = postSolution
		SolutionGuid = {780F2DB6-0E98-4493-8C83-DF4909F1C08B}
	EndGlobalSection
EndGlobal
